{
  "records": [
    {
      "id": "rfd576-responsibility",
      "source": "https://rfd.shared.oxide.computer/rfd/0576",
      "accessed": "2026-08-04",
      "claim_class": "guidance",
      "quote": "LLMs are but a tool",
      "snapshot": "citations/rfd576-responsibility.snapshot",
      "sha256": "c6a5c5c640ae5c68ae5316b5e2b73856d1434fd6684796b30c4d051b34fc4dc9"
    }
  ]
}
